
Microsoft Visual Studio Solution File, Format Version 12.00
# Visual Studio 14
VisualStudioVersion = 14.0.24720.0
MinimumVisualStudioVersion = 10.0.40219.1
Project("{D954291E-2A0B-460D-934E-DC6B0785DB48}") = "FleetServerClient", "FleetServerClient.shproj", "{0F72622D-6D08-4956-A41C-5976CC9F06FA}"
EndProject
Global
	GlobalSection(SharedMSBuildProjectFiles) = preSolution
		FleetServerClient.projitems*{0f72622d-6d08-4956-a41c-5976cc9f06fa}*SharedItemsImports = 13
	EndGlobalSection
	GlobalSection(SolutionProperties) = preSolution
		HideSolutionNode = FALSE
	EndGlobalSection
EndGlobal
